// !$*UTF8*$!
{
	archiveVersion = 1;
	classes = {
	};
	objectVersion = 56;
	objects = {

/* Begin PBXBuildFile section */
		714ACF092A78431300A2B3A8 /* Movie+CoreDataClass.swift in Sources */ = {isa = PBXBuildFile; fileRef = 714ACF072A78431200A2B3A8 /* Movie+CoreDataClass.swift */; };
		714ACF0A2A78431300A2B3A8 /* Movie+CoreDataProperties.swift in Sources */ = {isa = PBXBuildFile; fileRef = 714ACF082A78431300A2B3A8 /* Movie+CoreDataProperties.swift */; };
		714ACF0D2A78497700A2B3A8 /* Wizard+CoreDataClass.swift in Sources */ = {isa = PBXBuildFile; fileRef = 714ACF0B2A78497700A2B3A8 /* Wizard+CoreDataClass.swift */; };
		714ACF0E2A78497700A2B3A8 /* Wizard+CoreDataProperties.swift in Sources */ = {isa = PBXBuildFile; fileRef = 714ACF0C2A78497700A2B3A8 /* Wizard+CoreDataProperties.swift */; };
		71CAE2972A71A5EE00EAC30B /* CoreDataProjectApp.swift in Sources */ = {isa = PBXBuildFile; fileRef = 71CAE2962A71A5EE00EAC30B /* CoreDataProjectApp.swift */; };
		71CAE2992A71A5EE00EAC30B /* ContentView.swift in Sources */ = {isa = PBXBuildFile; fileRef = 71CAE2982A71A5EE00EAC30B /* ContentView.swift */; };
		71CAE29B2A71A5F000EAC30B /* Assets.xcassets in Resources */ = {isa = PBXBuildFile; fileRef = 71CAE29A2A71A5F000EAC30B /* Assets.xcassets */; };
		71CAE29E2A71A5F000EAC30B /* Preview Assets.xcassets in Resources */ = {isa = PBXBuildFile; fileRef = 71CAE29D2A71A5F000EAC30B /* Preview Assets.xcassets */; };
		71E556A62A71A78B00A79C71 /* DataController.swift in Sources */ = {isa = PBXBuildFile; fileRef = 71E556A52A71A78B00A79C71 /* DataController.swift */; };
		71E556A92A71A7E800A79C71 /* CoreDataProject.xcdatamodeld in Sources */ = {isa = PBXBuildFile; fileRef = 71E556A72A71A7E800A79C71 /* CoreDataProject.xcdatamodeld */; };
/* End PBXBuildFile section */

/* Begin PBXFileReference section */
		714ACF072A78431200A2B3A8 /* Movie+CoreDataClass.swift */ = {isa = PBXFileReference; lastKnownFileType = sourcecode.swift; name = "Movie+CoreDataClass.swift"; path = "CoreDataProject/Movie+CoreDataClass.swift"; sourceTree = "<group>"; };
		714ACF082A78431300A2B3A8 /* Movie+CoreDataProperties.swift */ = {isa = PBXFileReference; lastKnownFileType = sourcecode.swift; name = "Movie+CoreDataProperties.swift"; path = "CoreDataProject/Movie+CoreDataProperties.swift"; sourceTree = "<group>"; };
		714ACF0B2A78497700A2B3A8 /* Wizard+CoreDataClass.swift */ = {isa = PBXFileReference; lastKnownFileType = sourcecode.swift; name = "Wizard+CoreDataClass.swift"; path = "CoreDataProject/Wizard+CoreDataClass.swift"; sourceTree = "<group>"; };
		714ACF0C2A78497700A2B3A8 /* Wizard+CoreDataProperties.swift */ = {isa = PBXFileReference; lastKnownFileType = sourcecode.swift; name = "Wizard+CoreDataProperties.swift"; path = "CoreDataProject/Wizard+CoreDataProperties.swift"; sourceTree = "<group>"; };
		71CAE2932A71A5EE00EAC30B /* CoreDataProject.app */ = {isa = PBXFileReference; explicitFileType = wrapper.application; includeInIndex = 0; path = CoreDataProject.app; sourceTree = BUILT_PRODUCTS_DIR; };
		71CAE2962A71A5EE00EAC30B /* CoreDataProjectApp.swift */ = {isa = PBXFileReference; lastKnownFileType = sourcecode.swift; path = CoreDataProjectApp.swift; sourceTree = "<group>"; };
		71CAE2982A71A5EE00EAC30B /* ContentView.swift */ = {isa = PBXFileReference; lastKnownFileType = sourcecode.swift; path = ContentView.swift; sourceTree = "<group>"; };
		71CAE29A2A71A5F000EAC30B /* Assets.xcassets */ = {isa = PBXFileReference; lastKnownFileType = folder.assetcatalog; path = Assets.xcassets; sourceTree = "<group>"; };
		71CAE29D2A71A5F000EAC30B /* Preview Assets.xcassets */ = {isa = PBXFileReference; lastKnownFileType = folder.assetcatalog; path = "Preview Assets.xcassets"; sourceTree = "<group>"; };
		71E556A52A71A78B00A79C71 /* DataController.swift */ = {isa = PBXFileReference; lastKnownFileType = sourcecode.swift; path = DataController.swift; sourceTree = "<group>"; };
		71E556A82A71A7E800A79C71 /* CoreDataProject.xcdatamodel */ = {isa = PBXFileReference; lastKnownFileType = wrapper.xcdatamodel; path = CoreDataProject.xcdatamodel; sourceTree = "<group>"; };
/* End PBXFileReference section */

/* Begin PBXFrameworksBuildPhase section */
		71CAE2902A71A5EE00EAC30B /* Frameworks */ = {
			isa = PBXFrameworksBuildPhase;
			buildActionMask = 2147483647;
			files = (
			);
			runOnlyForDeploymentPostprocessing = 0;
		};
/* End PBXFrameworksBuildPhase section */

/* Begin PBXGroup section */
		71CAE28A2A71A5EE00EAC30B = {
			isa = PBXGroup;
			children = (
				714ACF0B2A78497700A2B3A8 /* Wizard+CoreDataClass.swift */,
				714ACF0C2A78497700A2B3A8 /* Wizard+CoreDataProperties.swift */,
				714ACF072A78431200A2B3A8 /* Movie+CoreDataClass.swift */,
				714ACF082A78431300A2B3A8 /* Movie+CoreDataProperties.swift */,
				71CAE2952A71A5EE00EAC30B /* CoreDataProject */,
				71CAE2942A71A5EE00EAC30B /* Products */,
			);
			sourceTree = "<group>";
		};
		71CAE2942A71A5EE00EAC30B /* Products */ = {
			isa = PBXGroup;
			children = (
				71CAE2932A71A5EE00EAC30B /* CoreDataProject.app */,
			);
			name = Products;
			sourceTree = "<group>";
		};
		71CAE2952A71A5EE00EAC30B /* CoreDataProject */ = {
			isa = PBXGroup;
			children = (
				71CAE2962A71A5EE00EAC30B /* CoreDataProjectApp.swift */,
				71CAE2982A71A5EE00EAC30B /* ContentView.swift */,
				71E556A52A71A78B00A79C71 /* DataController.swift */,
				71E556A72A71A7E800A79C71 /* CoreDataProject.xcdatamodeld */,
				71CAE29A2A71A5F000EAC30B /* Assets.xcassets */,
				71CAE29C2A71A5F000EAC30B /* Preview Content */,
			);
			path = CoreDataProject;
			sourceTree = "<group>";
		};
		71CAE29C2A71A5F000EAC30B /* Preview Content */ = {
			isa = PBXGroup;
			children = (
				71CAE29D2A71A5F000EAC30B /* Preview Assets.xcassets */,
			);
			path = "Preview Content";
			sourceTree = "<group>";
		};
/* End PBXGroup section */

/* Begin PBXNativeTarget section */
		71CAE2922A71A5EE00EAC30B /* CoreDataProject */ = {
			isa = PBXNativeTarget;
			buildConfigurationList = 71CAE2A12A71A5F000EAC30B /* Build configuration list for PBXNativeTarget "CoreDataProject" */;
			buildPhases = (
				71CAE28F2A71A5EE00EAC30B /* Sources */,
				71CAE2902A71A5EE00EAC30B /* Frameworks */,
				71CAE2912A71A5EE00EAC30B /* Resources */,
			);
			buildRules = (
			);
			dependencies = (
			);
			name = CoreDataProject;
			productName = CoreDataProject;
			productReference = 71CAE2932A71A5EE00EAC30B /* CoreDataProject.app */;
			productType = "com.apple.product-type.application";
		};
/* End PBXNativeTarget section */

/* Begin PBXProject section */
		71CAE28B2A71A5EE00EAC30B /* Project object */ = {
			isa = PBXProject;
			attributes = {
				BuildIndependentTargetsInParallel = 1;
				LastSwiftUpdateCheck = 1430;
				LastUpgradeCheck = 1430;
				TargetAttributes = {
					71CAE2922A71A5EE00EAC30B = {
						CreatedOnToolsVersion = 14.3.1;
					};
				};
			};
			buildConfigurationList = 71CAE28E2A71A5EE00EAC30B /* Build configuration list for PBXProject "CoreDataProject" */;
			compatibilityVersion = "Xcode 14.0";
			developmentRegion = en;
			hasScannedForEncodings = 0;
			knownRegions = (
				en,
				Base,
			);
			mainGroup = 71CAE28A2A71A5EE00EAC30B;
			productRefGroup = 71CAE2942A71A5EE00EAC30B /* Products */;
			projectDirPath = "";
			projectRoot = "";
			targets = (
				71CAE2922A71A5EE00EAC30B /* CoreDataProject */,
			);
		};
/* End PBXProject section */

/* Begin PBXResourcesBuildPhase section */
		71CAE2912A71A5EE00EAC30B /* Resources */ = {
			isa = PBXResourcesBuildPhase;
			buildActionMask = 2147483647;
			files = (
				71CAE29E2A71A5F000EAC30B /* Preview Assets.xcassets in Resources */,
				71CAE29B2A71A5F000EAC30B /* Assets.xcassets in Resources */,
			);
			runOnlyForDeploymentPostprocessing = 0;
		};
/* End PBXResourcesBuildPhase section */

/* Begin PBXSourcesBuildPhase section */
		71CAE28F2A71A5EE00EAC30B /* Sources */ = {
			isa = PBXSourcesBuildPhase;
			buildActionMask = 2147483647;
			files = (
				71CAE2992A71A5EE00EAC30B /* ContentView.swift in Sources */,
				71E556A62A71A78B00A79C71 /* DataController.swift in Sources */,
				71E556A92A71A7E800A79C71 /* CoreDataProject.xcdatamodeld in Sources */,
				714ACF092A78431300A2B3A8 /* Movie+CoreDataClass.swift in Sources */,
				714ACF0A2A78431300A2B3A8 /* Movie+CoreDataProperties.swift in Sources */,
				71CAE2972A71A5EE00EAC30B /* CoreDataProjectApp.swift in Sources */,
				714ACF0E2A78497700A2B3A8 /* Wizard+CoreDataProperties.swift in Sources */,
				714ACF0D2A78497700A2B3A8 /* Wizard+CoreDataClass.swift in Sources */,
			);
			runOnlyForDeploymentPostprocessing = 0;
		};
/* End PBXSourcesBuildPhase section */

/* Begin XCBuildConfiguration section */
		71CAE29F2A71A5F000EAC30B /* Debug */ = {
			isa = XCBuildConfiguration;
			buildSettings = {
				ALWAYS_SEARCH_USER_PATHS = NO;
				CLANG_ANALYZER_NONNULL = YES;
				CLANG_ANALYZER_NUMBER_OBJECT_CONVERSION = YES_AGGRESSIVE;
				CLANG_CXX_LANGUAGE_STANDARD = "gnu++20";
				CLANG_ENABLE_MODULES = YES;
				CLANG_ENABLE_OBJC_ARC = YES;
				CLANG_ENABLE_OBJC_WEAK = YES;
				CLANG_WARN_BLOCK_CAPTURE_AUTORELEASING = YES;
				CLANG_WARN_BOOL_CONVERSION = YES;
				CLANG_WARN_COMMA = YES;
				CLANG_WARN_CONSTANT_CONVERSION = YES;
				CLANG_WARN_DEPRECATED_OBJC_IMPLEMENTATIONS = YES;
				CLANG_WARN_DIRECT_OBJC_ISA_USAGE = YES_ERROR;
				CLANG_WARN_DOCUMENTATION_COMMENTS = YES;
				CLANG_WARN_EMPTY_BODY = YES;
				CLANG_WARN_ENUM_CONVERSION = YES;
				CLANG_WARN_INFINITE_RECURSION = YES;
				CLANG_WARN_INT_CONVERSION = YES;
				CLANG_WARN_NON_LITERAL_NULL_CONVERSION = YES;
				CLANG_WARN_OBJC_IMPLICIT_RETAIN_SELF = YES;
				CLANG_WARN_OBJC_LITERAL_CONVERSION = YES;
				CLANG_WARN_OBJC_ROOT_CLASS = YES_ERROR;
				CLANG_WARN_QUOTED_INCLUDE_IN_FRAMEWORK_HEADER = YES;
				CLANG_WARN_RANGE_LOOP_ANALYSIS = YES;
				CLANG_WARN_STRICT_PROTOTYPES = YES;
				CLANG_WARN_SUSPICIOUS_MOVE = YES;
				CLANG_WARN_UNGUARDED_AVAILABILITY = YES_AGGRESSIVE;
				CLANG_WARN_UNREACHABLE_CODE = YES;
				CLANG_WARN__DUPLICATE_METHOD_MATCH = YES;
				COPY_PHASE_STRIP = NO;
				DEBUG_INFORMATION_FORMAT = dwarf;
				ENABLE_STRICT_OBJC_MSGSEND = YES;
				ENABLE_TESTABILITY = YES;
				GCC_C_LANGUAGE_STANDARD = gnu11;
				GCC_DYNAMIC_NO_PIC = NO;
				GCC_NO_COMMON_BLOCKS = YES;
				GCC_OPTIMIZATION_LEVEL = 0;
				GCC_PREPROCESSOR_DEFINITIONS = (
					"DEBUG=1",
					"$(inherited)",
				);
				GCC_WARN_64_TO_32_BIT_CONVERSION = YES;
				GCC_WARN_ABOUT_RETURN_TYPE = YES_ERROR;
				GCC_WARN_UNDECLARED_SELECTOR = YES;
				GCC_WARN_UNINITIALIZED_AUTOS = YES_AGGRESSIVE;
				GCC_WARN_UNUSED_FUNCTION = YES;
				GCC_WARN_UNUSED_VARIABLE = YES;
				IPHONEOS_DEPLOYMENT_TARGET = 16.4;
				MTL_ENABLE_DEBUG_INFO = INCLUDE_SOURCE;
				MTL_FAST_MATH = YES;
				ONLY_ACTIVE_ARCH = YES;
				SDKROOT = iphoneos;
				SWIFT_ACTIVE_COMPILATION_CONDITIONS = DEBUG;
				SWIFT_OPTIMIZATION_LEVEL = "-Onone";
			};
			name = Debug;
		};
		71CAE2A02A71A5F000EAC30B /* Release */ = {
			isa = XCBuildConfiguration;
			buildSettings = {
				ALWAYS_SEARCH_USER_PATHS = NO;
				CLANG_ANALYZER_NONNULL = YES;
				CLANG_ANALYZER_NUMBER_OBJECT_CONVERSION = YES_AGGRESSIVE;
				CLANG_CXX_LANGUAGE_STANDARD = "gnu++20";
				CLANG_ENABLE_MODULES = YES;
				CLANG_ENABLE_OBJC_ARC = YES;
				CLANG_ENABLE_OBJC_WEAK = YES;
				CLANG_WARN_BLOCK_CAPTURE_AUTORELEASING = YES;
				CLANG_WARN_BOOL_CONVERSION = YES;
				CLANG_WARN_COMMA = YES;
				CLANG_WARN_CONSTANT_CONVERSION = YES;
				CLANG_WARN_DEPRECATED_OBJC_IMPLEMENTATIONS = YES;
				CLANG_WARN_DIRECT_OBJC_ISA_USAGE = YES_ERROR;
				CLANG_WARN_DOCUMENTATION_COMMENTS = YES;
				CLANG_WARN_EMPTY_BODY = YES;
				CLANG_WARN_ENUM_CONVERSION = YES;
				CLANG_WARN_INFINITE_RECURSION = YES;
				CLANG_WARN_INT_CONVERSION = YES;
				CLANG_WARN_NON_LITERAL_NULL_CONVERSION = YES;
				CLANG_WARN_OBJC_IMPLICIT_RETAIN_SELF = YES;
				CLANG_WARN_OBJC_LITERAL_CONVERSION = YES;
				CLANG_WARN_OBJC_ROOT_CLASS = YES_ERROR;
				CLANG_WARN_QUOTED_INCLUDE_IN_FRAMEWORK_HEADER = YES;
				CLANG_WARN_RANGE_LOOP_ANALYSIS = YES;
				CLANG_WARN_STRICT_PROTOTYPES = YES;
				CLANG_WARN_SUSPICIOUS_MOVE = YES;
				CLANG_WARN_UNGUARDED_AVAILABILITY = YES_AGGRESSIVE;
				CLANG_WARN_UNREACHABLE_CODE = YES;
				CLANG_WARN__DUPLICATE_METHOD_MATCH = YES;
				COPY_PHASE_STRIP = NO;
				DEBUG_INFORMATION_FORMAT = "dwarf-with-dsym";
				ENABLE_NS_ASSERTIONS = NO;
				ENABLE_STRICT_OBJC_MSGSEND = YES;
				GCC_C_LANGUAGE_STANDARD = gnu11;
				GCC_NO_COMMON_BLOCKS = YES;
				GCC_WARN_64_TO_32_BIT_CONVERSION = YES;
				GCC_WARN_ABOUT_RETURN_TYPE = YES_ERROR;
				GCC_WARN_UNDECLARED_SELECTOR = YES;
				GCC_WARN_UNINITIALIZED_AUTOS = YES_AGGRESSIVE;
				GCC_WARN_UNUSED_FUNCTION = YES;
				GCC_WARN_UNUSED_VARIABLE = YES;
				IPHONEOS_DEPLOYMENT_TARGET = 16.4;
				MTL_ENABLE_DEBUG_INFO = NO;
				MTL_FAST_MATH = YES;
				SDKROOT = iphoneos;
				SWIFT_COMPILATION_MODE = wholemodule;
				SWIFT_OPTIMIZATION_LEVEL = "-O";
				VALIDATE_PRODUCT = YES;
			};
			name = Release;
		};
		71CAE2A22A71A5F000EAC30B /* Debug */ = {
			isa = XCBuildConfiguration;
			buildSettings = {
				ASSETCATALOG_COMPILER_APPICON_NAME = AppIcon;
				ASSETCATALOG_COMPILER_GLOBAL_ACCENT_COLOR_NAME = AccentColor;
				CODE_SIGN_STYLE = Automatic;
				CURRENT_PROJECT_VERSION = 1;
				DEVELOPMENT_ASSET_PATHS = "\"CoreDataProject/Preview Content\"";
				DEVELOPMENT_TEAM = 665JF25HMS;
				ENABLE_PREVIEWS = YES;
				GENERATE_INFOPLIST_FILE = YES;
				INFOPLIST_KEY_UIApplicationSceneManifest_Generation = YES;
				INFOPLIST_KEY_UIApplicationSupportsIndirectInputEvents = YES;
				INFOPLIST_KEY_UILaunchScreen_Generation = YES;
				INFOPLIST_KEY_UISupportedInterfaceOrientations_iPad = "UIInterfaceOrientationPortrait UIInterfaceOrientationPortraitUpsideDown UIInterfaceOrientationLandscapeLeft UIInterfaceOrientationLandscapeRight";
				INFOPLIST_KEY_UISupportedInterfaceOrientations_iPhone = "UIInterfaceOrientationPortrait UIInterfaceOrientationLandscapeLeft UIInterfaceOrientationLandscapeRight";
				LD_RUNPATH_SEARCH_PATHS = (
					"$(inherited)",
					"@executable_path/Frameworks",
				);
				MARKETING_VERSION = 1.0;
				PRODUCT_BUNDLE_IDENTIFIER = com.yongjun.CoreDataProject;
				PRODUCT_NAME = "$(TARGET_NAME)";
				SWIFT_EMIT_LOC_STRINGS = YES;
				SWIFT_VERSION = 5.0;
				TARGETED_DEVICE_FAMILY = "1,2";
			};
			name = Debug;
		};
		71CAE2A32A71A5F000EAC30B /* Release */ = {
			isa = XCBuildConfiguration;
			buildSettings = {
				ASSETCATALOG_COMPILER_APPICON_NAME = AppIcon;
				ASSETCATALOG_COMPILER_GLOBAL_ACCENT_COLOR_NAME = AccentColor;
				CODE_SIGN_STYLE = Automatic;
				CURRENT_PROJECT_VERSION = 1;
				DEVELOPMENT_ASSET_PATHS = "\"CoreDataProject/Preview Content\"";
				DEVELOPMENT_TEAM = 665JF25HMS;
				ENABLE_PREVIEWS = YES;
				GENERATE_INFOPLIST_FILE = YES;
				INFOPLIST_KEY_UIApplicationSceneManifest_Generation = YES;
				INFOPLIST_KEY_UIApplicationSupportsIndirectInputEvents = YES;
				INFOPLIST_KEY_UILaunchScreen_Generation = YES;
				INFOPLIST_KEY_UISupportedInterfaceOrientations_iPad = "UIInterfaceOrientationPortrait UIInterfaceOrientationPortraitUpsideDown UIInterfaceOrientationLandscapeLeft UIInterfaceOrientationLandscapeRight";
				INFOPLIST_KEY_UISupportedInterfaceOrientations_iPhone = "UIInterfaceOrientationPortrait UIInterfaceOrientationLandscapeLeft UIInterfaceOrientationLandscapeRight";
				LD_RUNPATH_SEARCH_PATHS = (
					"$(inherited)",
					"@executable_path/Frameworks",
				);
				MARKETING_VERSION = 1.0;
				PRODUCT_BUNDLE_IDENTIFIER = com.yongjun.CoreDataProject;
				PRODUCT_NAME = "$(TARGET_NAME)";
				SWIFT_EMIT_LOC_STRINGS = YES;
				SWIFT_VERSION = 5.0;
				TARGETED_DEVICE_FAMILY = "1,2";
			};
			name = Release;
		};
/* End XCBuildConfiguration section */

/* Begin XCConfigurationList section */
		71CAE28E2A71A5EE00EAC30B /* Build configuration list for PBXProject "CoreDataProject" */ = {
			isa = XCConfigurationList;
			buildConfigurations = (
				71CAE29F2A71A5F000EAC30B /* Debug */,
				71CAE2A02A71A5F000EAC30B /* Release */,
			);
			defaultConfigurationIsVisible = 0;
			defaultConfigurationName = Release;
		};
		71CAE2A12A71A5F000EAC30B /* Build configuration list for PBXNativeTarget "CoreDataProject" */ = {
			isa = XCConfigurationList;
			buildConfigurations = (
				71CAE2A22A71A5F000EAC30B /* Debug */,
				71CAE2A32A71A5F000EAC30B /* Release */,
			);
			defaultConfigurationIsVisible = 0;
			defaultConfigurationName = Release;
		};
/* End XCConfigurationList section */

/* Begin XCVersionGroup section */
		71E556A72A71A7E800A79C71 /* CoreDataProject.xcdatamodeld */ = {
			isa = XCVersionGroup;
			children = (
				71E556A82A71A7E800A79C71 /* CoreDataProject.xcdatamodel */,
			);
			currentVersion = 71E556A82A71A7E800A79C71 /* CoreDataProject.xcdatamodel */;
			path = CoreDataProject.xcdatamodeld;
			sourceTree = "<group>";
			versionGroupType = wrapper.xcdatamodel;
		};
/* End XCVersionGroup section */
	};
	rootObject = 71CAE28B2A71A5EE00EAC30B /* Project object */;
}
