// !$*UTF8*$!
{
	archiveVersion = 1;
	classes = {
	};
	objectVersion = 56;
	objects = {

/* Begin PBXBuildFile section */
		715675042A8BFF7400B76C9D /* BucketListApp.swift in Sources */ = {isa = PBXBuildFile; fileRef = 715675032A8BFF7400B76C9D /* BucketListApp.swift */; };
		715675062A8BFF7400B76C9D /* ContentView.swift in Sources */ = {isa = PBXBuildFile; fileRef = 715675052A8BFF7400B76C9D /* ContentView.swift */; };
		715675082A8BFF7600B76C9D /* Assets.xcassets in Resources */ = {isa = PBXBuildFile; fileRef = 715675072A8BFF7600B76C9D /* Assets.xcassets */; };
		7156750B2A8BFF7600B76C9D /* Preview Assets.xcassets in Resources */ = {isa = PBXBuildFile; fileRef = 7156750A2A8BFF7600B76C9D /* Preview Assets.xcassets */; };
		C22B4D512AA798C900612C39 /* EditView.swift in Sources */ = {isa = PBXBuildFile; fileRef = C22B4D502AA798C900612C39 /* EditView.swift */; };
		C22B4D532AA7A2C900612C39 /* Result.swift in Sources */ = {isa = PBXBuildFile; fileRef = C22B4D522AA7A2C900612C39 /* Result.swift */; };
		C22B4D552AA7ACF100612C39 /* ContentView-ViewModel.swift in Sources */ = {isa = PBXBuildFile; fileRef = C22B4D542AA7ACF100612C39 /* ContentView-ViewModel.swift */; };
		C22B4D572AA7B8BE00612C39 /* FileManager-DocumentsDirectory.swift in Sources */ = {isa = PBXBuildFile; fileRef = C22B4D562AA7B8BE00612C39 /* FileManager-DocumentsDirectory.swift */; };
		C270FE3E2A984BA400830799 /* SecondContent.swift in Sources */ = {isa = PBXBuildFile; fileRef = C270FE3D2A984BA400830799 /* SecondContent.swift */; };
		C270FE402A984F8000830799 /* ThirdContent.swift in Sources */ = {isa = PBXBuildFile; fileRef = C270FE3F2A984F8000830799 /* ThirdContent.swift */; };
		C270FE422A9C44E700830799 /* FourthContent.swift in Sources */ = {isa = PBXBuildFile; fileRef = C270FE412A9C44E700830799 /* FourthContent.swift */; };
		C270FE442A9C476400830799 /* DataModel.swift in Sources */ = {isa = PBXBuildFile; fileRef = C270FE432A9C476400830799 /* DataModel.swift */; };
/* End PBXBuildFile section */

/* Begin PBXFileReference section */
		715675002A8BFF7400B76C9D /* BucketList.app */ = {isa = PBXFileReference; explicitFileType = wrapper.application; includeInIndex = 0; path = BucketList.app; sourceTree = BUILT_PRODUCTS_DIR; };
		715675032A8BFF7400B76C9D /* BucketListApp.swift */ = {isa = PBXFileReference; lastKnownFileType = sourcecode.swift; path = BucketListApp.swift; sourceTree = "<group>"; };
		715675052A8BFF7400B76C9D /* ContentView.swift */ = {isa = PBXFileReference; lastKnownFileType = sourcecode.swift; path = ContentView.swift; sourceTree = "<group>"; };
		715675072A8BFF7600B76C9D /* Assets.xcassets */ = {isa = PBXFileReference; lastKnownFileType = folder.assetcatalog; path = Assets.xcassets; sourceTree = "<group>"; };
		7156750A2A8BFF7600B76C9D /* Preview Assets.xcassets */ = {isa = PBXFileReference; lastKnownFileType = folder.assetcatalog; path = "Preview Assets.xcassets"; sourceTree = "<group>"; };
		C22B4D502AA798C900612C39 /* EditView.swift */ = {isa = PBXFileReference; lastKnownFileType = sourcecode.swift; path = EditView.swift; sourceTree = "<group>"; };
		C22B4D522AA7A2C900612C39 /* Result.swift */ = {isa = PBXFileReference; lastKnownFileType = sourcecode.swift; path = Result.swift; sourceTree = "<group>"; };
		C22B4D542AA7ACF100612C39 /* ContentView-ViewModel.swift */ = {isa = PBXFileReference; lastKnownFileType = sourcecode.swift; path = "ContentView-ViewModel.swift"; sourceTree = "<group>"; };
		C22B4D562AA7B8BE00612C39 /* FileManager-DocumentsDirectory.swift */ = {isa = PBXFileReference; lastKnownFileType = sourcecode.swift; path = "FileManager-DocumentsDirectory.swift"; sourceTree = "<group>"; };
		C270FE3D2A984BA400830799 /* SecondContent.swift */ = {isa = PBXFileReference; lastKnownFileType = sourcecode.swift; path = SecondContent.swift; sourceTree = "<group>"; };
		C270FE3F2A984F8000830799 /* ThirdContent.swift */ = {isa = PBXFileReference; lastKnownFileType = sourcecode.swift; path = ThirdContent.swift; sourceTree = "<group>"; };
		C270FE412A9C44E700830799 /* FourthContent.swift */ = {isa = PBXFileReference; lastKnownFileType = sourcecode.swift; path = FourthContent.swift; sourceTree = "<group>"; };
		C270FE432A9C476400830799 /* DataModel.swift */ = {isa = PBXFileReference; lastKnownFileType = sourcecode.swift; path = DataModel.swift; sourceTree = "<group>"; };
/* End PBXFileReference section */

/* Begin PBXFrameworksBuildPhase section */
		715674FD2A8BFF7400B76C9D /* Frameworks */ = {
			isa = PBXFrameworksBuildPhase;
			buildActionMask = 2147483647;
			files = (
			);
			runOnlyForDeploymentPostprocessing = 0;
		};
/* End PBXFrameworksBuildPhase section */

/* Begin PBXGroup section */
		715674F72A8BFF7400B76C9D = {
			isa = PBXGroup;
			children = (
				715675022A8BFF7400B76C9D /* BucketList */,
				715675012A8BFF7400B76C9D /* Products */,
			);
			sourceTree = "<group>";
		};
		715675012A8BFF7400B76C9D /* Products */ = {
			isa = PBXGroup;
			children = (
				715675002A8BFF7400B76C9D /* BucketList.app */,
			);
			name = Products;
			sourceTree = "<group>";
		};
		715675022A8BFF7400B76C9D /* BucketList */ = {
			isa = PBXGroup;
			children = (
				715675032A8BFF7400B76C9D /* BucketListApp.swift */,
				715675052A8BFF7400B76C9D /* ContentView.swift */,
				C270FE3D2A984BA400830799 /* SecondContent.swift */,
				C270FE432A9C476400830799 /* DataModel.swift */,
				C270FE3F2A984F8000830799 /* ThirdContent.swift */,
				C270FE412A9C44E700830799 /* FourthContent.swift */,
				C22B4D522AA7A2C900612C39 /* Result.swift */,
				C22B4D542AA7ACF100612C39 /* ContentView-ViewModel.swift */,
				C22B4D562AA7B8BE00612C39 /* FileManager-DocumentsDirectory.swift */,
				C22B4D502AA798C900612C39 /* EditView.swift */,
				715675072A8BFF7600B76C9D /* Assets.xcassets */,
				715675092A8BFF7600B76C9D /* Preview Content */,
			);
			path = BucketList;
			sourceTree = "<group>";
		};
		715675092A8BFF7600B76C9D /* Preview Content */ = {
			isa = PBXGroup;
			children = (
				7156750A2A8BFF7600B76C9D /* Preview Assets.xcassets */,
			);
			path = "Preview Content";
			sourceTree = "<group>";
		};
/* End PBXGroup section */

/* Begin PBXNativeTarget section */
		715674FF2A8BFF7400B76C9D /* BucketList */ = {
			isa = PBXNativeTarget;
			buildConfigurationList = 7156750E2A8BFF7600B76C9D /* Build configuration list for PBXNativeTarget "BucketList" */;
			buildPhases = (
				715674FC2A8BFF7400B76C9D /* Sources */,
				715674FD2A8BFF7400B76C9D /* Frameworks */,
				715674FE2A8BFF7400B76C9D /* Resources */,
			);
			buildRules = (
			);
			dependencies = (
			);
			name = BucketList;
			productName = BucketList;
			productReference = 715675002A8BFF7400B76C9D /* BucketList.app */;
			productType = "com.apple.product-type.application";
		};
/* End PBXNativeTarget section */

/* Begin PBXProject section */
		715674F82A8BFF7400B76C9D /* Project object */ = {
			isa = PBXProject;
			attributes = {
				BuildIndependentTargetsInParallel = 1;
				LastSwiftUpdateCheck = 1430;
				LastUpgradeCheck = 1430;
				TargetAttributes = {
					715674FF2A8BFF7400B76C9D = {
						CreatedOnToolsVersion = 14.3.1;
					};
				};
			};
			buildConfigurationList = 715674FB2A8BFF7400B76C9D /* Build configuration list for PBXProject "BucketList" */;
			compatibilityVersion = "Xcode 14.0";
			developmentRegion = en;
			hasScannedForEncodings = 0;
			knownRegions = (
				en,
				Base,
			);
			mainGroup = 715674F72A8BFF7400B76C9D;
			productRefGroup = 715675012A8BFF7400B76C9D /* Products */;
			projectDirPath = "";
			projectRoot = "";
			targets = (
				715674FF2A8BFF7400B76C9D /* BucketList */,
			);
		};
/* End PBXProject section */

/* Begin PBXResourcesBuildPhase section */
		715674FE2A8BFF7400B76C9D /* Resources */ = {
			isa = PBXResourcesBuildPhase;
			buildActionMask = 2147483647;
			files = (
				7156750B2A8BFF7600B76C9D /* Preview Assets.xcassets in Resources */,
				715675082A8BFF7600B76C9D /* Assets.xcassets in Resources */,
			);
			runOnlyForDeploymentPostprocessing = 0;
		};
/* End PBXResourcesBuildPhase section */

/* Begin PBXSourcesBuildPhase section */
		715674FC2A8BFF7400B76C9D /* Sources */ = {
			isa = PBXSourcesBuildPhase;
			buildActionMask = 2147483647;
			files = (
				C270FE422A9C44E700830799 /* FourthContent.swift in Sources */,
				715675062A8BFF7400B76C9D /* ContentView.swift in Sources */,
				715675042A8BFF7400B76C9D /* BucketListApp.swift in Sources */,
				C270FE3E2A984BA400830799 /* SecondContent.swift in Sources */,
				C22B4D552AA7ACF100612C39 /* ContentView-ViewModel.swift in Sources */,
				C22B4D512AA798C900612C39 /* EditView.swift in Sources */,
				C22B4D572AA7B8BE00612C39 /* FileManager-DocumentsDirectory.swift in Sources */,
				C270FE402A984F8000830799 /* ThirdContent.swift in Sources */,
				C22B4D532AA7A2C900612C39 /* Result.swift in Sources */,
				C270FE442A9C476400830799 /* DataModel.swift in Sources */,
			);
			runOnlyForDeploymentPostprocessing = 0;
		};
/* End PBXSourcesBuildPhase section */

/* Begin XCBuildConfiguration section */
		7156750C2A8BFF7600B76C9D /* Debug */ = {
			isa = XCBuildConfiguration;
			buildSettings = {
				ALWAYS_SEARCH_USER_PATHS = NO;
				CLANG_ANALYZER_NONNULL = YES;
				CLANG_ANALYZER_NUMBER_OBJECT_CONVERSION = YES_AGGRESSIVE;
				CLANG_CXX_LANGUAGE_STANDARD = "gnu++20";
				CLANG_ENABLE_MODULES = YES;
				CLANG_ENABLE_OBJC_ARC = YES;
				CLANG_ENABLE_OBJC_WEAK = YES;
				CLANG_WARN_BLOCK_CAPTURE_AUTORELEASING = YES;
				CLANG_WARN_BOOL_CONVERSION = YES;
				CLANG_WARN_COMMA = YES;
				CLANG_WARN_CONSTANT_CONVERSION = YES;
				CLANG_WARN_DEPRECATED_OBJC_IMPLEMENTATIONS = YES;
				CLANG_WARN_DIRECT_OBJC_ISA_USAGE = YES_ERROR;
				CLANG_WARN_DOCUMENTATION_COMMENTS = YES;
				CLANG_WARN_EMPTY_BODY = YES;
				CLANG_WARN_ENUM_CONVERSION = YES;
				CLANG_WARN_INFINITE_RECURSION = YES;
				CLANG_WARN_INT_CONVERSION = YES;
				CLANG_WARN_NON_LITERAL_NULL_CONVERSION = YES;
				CLANG_WARN_OBJC_IMPLICIT_RETAIN_SELF = YES;
				CLANG_WARN_OBJC_LITERAL_CONVERSION = YES;
				CLANG_WARN_OBJC_ROOT_CLASS = YES_ERROR;
				CLANG_WARN_QUOTED_INCLUDE_IN_FRAMEWORK_HEADER = YES;
				CLANG_WARN_RANGE_LOOP_ANALYSIS = YES;
				CLANG_WARN_STRICT_PROTOTYPES = YES;
				CLANG_WARN_SUSPICIOUS_MOVE = YES;
				CLANG_WARN_UNGUARDED_AVAILABILITY = YES_AGGRESSIVE;
				CLANG_WARN_UNREACHABLE_CODE = YES;
				CLANG_WARN__DUPLICATE_METHOD_MATCH = YES;
				COPY_PHASE_STRIP = NO;
				DEBUG_INFORMATION_FORMAT = dwarf;
				ENABLE_STRICT_OBJC_MSGSEND = YES;
				ENABLE_TESTABILITY = YES;
				GCC_C_LANGUAGE_STANDARD = gnu11;
				GCC_DYNAMIC_NO_PIC = NO;
				GCC_NO_COMMON_BLOCKS = YES;
				GCC_OPTIMIZATION_LEVEL = 0;
				GCC_PREPROCESSOR_DEFINITIONS = (
					"DEBUG=1",
					"$(inherited)",
				);
				GCC_WARN_64_TO_32_BIT_CONVERSION = YES;
				GCC_WARN_ABOUT_RETURN_TYPE = YES_ERROR;
				GCC_WARN_UNDECLARED_SELECTOR = YES;
				GCC_WARN_UNINITIALIZED_AUTOS = YES_AGGRESSIVE;
				GCC_WARN_UNUSED_FUNCTION = YES;
				GCC_WARN_UNUSED_VARIABLE = YES;
				IPHONEOS_DEPLOYMENT_TARGET = 16.4;
				MTL_ENABLE_DEBUG_INFO = INCLUDE_SOURCE;
				MTL_FAST_MATH = YES;
				ONLY_ACTIVE_ARCH = YES;
				SDKROOT = iphoneos;
				SWIFT_ACTIVE_COMPILATION_CONDITIONS = DEBUG;
				SWIFT_OPTIMIZATION_LEVEL = "-Onone";
			};
			name = Debug;
		};
		7156750D2A8BFF7600B76C9D /* Release */ = {
			isa = XCBuildConfiguration;
			buildSettings = {
				ALWAYS_SEARCH_USER_PATHS = NO;
				CLANG_ANALYZER_NONNULL = YES;
				CLANG_ANALYZER_NUMBER_OBJECT_CONVERSION = YES_AGGRESSIVE;
				CLANG_CXX_LANGUAGE_STANDARD = "gnu++20";
				CLANG_ENABLE_MODULES = YES;
				CLANG_ENABLE_OBJC_ARC = YES;
				CLANG_ENABLE_OBJC_WEAK = YES;
				CLANG_WARN_BLOCK_CAPTURE_AUTORELEASING = YES;
				CLANG_WARN_BOOL_CONVERSION = YES;
				CLANG_WARN_COMMA = YES;
				CLANG_WARN_CONSTANT_CONVERSION = YES;
				CLANG_WARN_DEPRECATED_OBJC_IMPLEMENTATIONS = YES;
				CLANG_WARN_DIRECT_OBJC_ISA_USAGE = YES_ERROR;
				CLANG_WARN_DOCUMENTATION_COMMENTS = YES;
				CLANG_WARN_EMPTY_BODY = YES;
				CLANG_WARN_ENUM_CONVERSION = YES;
				CLANG_WARN_INFINITE_RECURSION = YES;
				CLANG_WARN_INT_CONVERSION = YES;
				CLANG_WARN_NON_LITERAL_NULL_CONVERSION = YES;
				CLANG_WARN_OBJC_IMPLICIT_RETAIN_SELF = YES;
				CLANG_WARN_OBJC_LITERAL_CONVERSION = YES;
				CLANG_WARN_OBJC_ROOT_CLASS = YES_ERROR;
				CLANG_WARN_QUOTED_INCLUDE_IN_FRAMEWORK_HEADER = YES;
				CLANG_WARN_RANGE_LOOP_ANALYSIS = YES;
				CLANG_WARN_STRICT_PROTOTYPES = YES;
				CLANG_WARN_SUSPICIOUS_MOVE = YES;
				CLANG_WARN_UNGUARDED_AVAILABILITY = YES_AGGRESSIVE;
				CLANG_WARN_UNREACHABLE_CODE = YES;
				CLANG_WARN__DUPLICATE_METHOD_MATCH = YES;
				COPY_PHASE_STRIP = NO;
				DEBUG_INFORMATION_FORMAT = "dwarf-with-dsym";
				ENABLE_NS_ASSERTIONS = NO;
				ENABLE_STRICT_OBJC_MSGSEND = YES;
				GCC_C_LANGUAGE_STANDARD = gnu11;
				GCC_NO_COMMON_BLOCKS = YES;
				GCC_WARN_64_TO_32_BIT_CONVERSION = YES;
				GCC_WARN_ABOUT_RETURN_TYPE = YES_ERROR;
				GCC_WARN_UNDECLARED_SELECTOR = YES;
				GCC_WARN_UNINITIALIZED_AUTOS = YES_AGGRESSIVE;
				GCC_WARN_UNUSED_FUNCTION = YES;
				GCC_WARN_UNUSED_VARIABLE = YES;
				IPHONEOS_DEPLOYMENT_TARGET = 16.4;
				MTL_ENABLE_DEBUG_INFO = NO;
				MTL_FAST_MATH = YES;
				SDKROOT = iphoneos;
				SWIFT_COMPILATION_MODE = wholemodule;
				SWIFT_OPTIMIZATION_LEVEL = "-O";
				VALIDATE_PRODUCT = YES;
			};
			name = Release;
		};
		7156750F2A8BFF7600B76C9D /* Debug */ = {
			isa = XCBuildConfiguration;
			buildSettings = {
				ASSETCATALOG_COMPILER_APPICON_NAME = AppIcon;
				ASSETCATALOG_COMPILER_GLOBAL_ACCENT_COLOR_NAME = AccentColor;
				CODE_SIGN_STYLE = Automatic;
				CURRENT_PROJECT_VERSION = 1;
				DEVELOPMENT_ASSET_PATHS = "\"BucketList/Preview Content\"";
				DEVELOPMENT_TEAM = 665JF25HMS;
				ENABLE_PREVIEWS = YES;
				GENERATE_INFOPLIST_FILE = YES;
				INFOPLIST_KEY_NSFaceIDUsageDescription = "We need to unlock your data.";
				INFOPLIST_KEY_UIApplicationSceneManifest_Generation = YES;
				INFOPLIST_KEY_UIApplicationSupportsIndirectInputEvents = YES;
				INFOPLIST_KEY_UILaunchScreen_Generation = YES;
				INFOPLIST_KEY_UISupportedInterfaceOrientations_iPad = "UIInterfaceOrientationPortrait UIInterfaceOrientationPortraitUpsideDown UIInterfaceOrientationLandscapeLeft UIInterfaceOrientationLandscapeRight";
				INFOPLIST_KEY_UISupportedInterfaceOrientations_iPhone = "UIInterfaceOrientationPortrait UIInterfaceOrientationLandscapeLeft UIInterfaceOrientationLandscapeRight";
				LD_RUNPATH_SEARCH_PATHS = (
					"$(inherited)",
					"@executable_path/Frameworks",
				);
				MARKETING_VERSION = 1.0;
				PRODUCT_BUNDLE_IDENTIFIER = com.yongjun.BucketList;
				PRODUCT_NAME = "$(TARGET_NAME)";
				SWIFT_EMIT_LOC_STRINGS = YES;
				SWIFT_VERSION = 5.0;
				TARGETED_DEVICE_FAMILY = "1,2";
			};
			name = Debug;
		};
		715675102A8BFF7600B76C9D /* Release */ = {
			isa = XCBuildConfiguration;
			buildSettings = {
				ASSETCATALOG_COMPILER_APPICON_NAME = AppIcon;
				ASSETCATALOG_COMPILER_GLOBAL_ACCENT_COLOR_NAME = AccentColor;
				CODE_SIGN_STYLE = Automatic;
				CURRENT_PROJECT_VERSION = 1;
				DEVELOPMENT_ASSET_PATHS = "\"BucketList/Preview Content\"";
				DEVELOPMENT_TEAM = 665JF25HMS;
				ENABLE_PREVIEWS = YES;
				GENERATE_INFOPLIST_FILE = YES;
				INFOPLIST_KEY_NSFaceIDUsageDescription = "We need to unlock your data.";
				INFOPLIST_KEY_UIApplicationSceneManifest_Generation = YES;
				INFOPLIST_KEY_UIApplicationSupportsIndirectInputEvents = YES;
				INFOPLIST_KEY_UILaunchScreen_Generation = YES;
				INFOPLIST_KEY_UISupportedInterfaceOrientations_iPad = "UIInterfaceOrientationPortrait UIInterfaceOrientationPortraitUpsideDown UIInterfaceOrientationLandscapeLeft UIInterfaceOrientationLandscapeRight";
				INFOPLIST_KEY_UISupportedInterfaceOrientations_iPhone = "UIInterfaceOrientationPortrait UIInterfaceOrientationLandscapeLeft UIInterfaceOrientationLandscapeRight";
				LD_RUNPATH_SEARCH_PATHS = (
					"$(inherited)",
					"@executable_path/Frameworks",
				);
				MARKETING_VERSION = 1.0;
				PRODUCT_BUNDLE_IDENTIFIER = com.yongjun.BucketList;
				PRODUCT_NAME = "$(TARGET_NAME)";
				SWIFT_EMIT_LOC_STRINGS = YES;
				SWIFT_VERSION = 5.0;
				TARGETED_DEVICE_FAMILY = "1,2";
			};
			name = Release;
		};
/* End XCBuildConfiguration section */

/* Begin XCConfigurationList section */
		715674FB2A8BFF7400B76C9D /* Build configuration list for PBXProject "BucketList" */ = {
			isa = XCConfigurationList;
			buildConfigurations = (
				7156750C2A8BFF7600B76C9D /* Debug */,
				7156750D2A8BFF7600B76C9D /* Release */,
			);
			defaultConfigurationIsVisible = 0;
			defaultConfigurationName = Release;
		};
		7156750E2A8BFF7600B76C9D /* Build configuration list for PBXNativeTarget "BucketList" */ = {
			isa = XCConfigurationList;
			buildConfigurations = (
				7156750F2A8BFF7600B76C9D /* Debug */,
				715675102A8BFF7600B76C9D /* Release */,
			);
			defaultConfigurationIsVisible = 0;
			defaultConfigurationName = Release;
		};
/* End XCConfigurationList section */
	};
	rootObject = 715674F82A8BFF7400B76C9D /* Project object */;
}
